// !$*UTF8*$!
{
	archiveVersion = 1;
	classes = {
	};
	objectVersion = 56;
	objects = {

/* Begin PBXBuildFile section */
		8122A912290ED8DD0027F36D /* String+isValidEmail.swift in Sources */ = {isa = PBXBuildFile; fileRef = 8122A911290ED8DD0027F36D /* String+isValidEmail.swift */; };
		8122A915290EDE4D0027F36D /* ThirdPartyMailer in Frameworks */ = {isa = PBXBuildFile; productRef = 8122A914290EDE4D0027F36D /* ThirdPartyMailer */; };
		8122A917290EDE5E0027F36D /* MailIntegration.swift in Sources */ = {isa = PBXBuildFile; fileRef = 8122A916290EDE5E0027F36D /* MailIntegration.swift */; };
		813F44C4290DBA6800A69C75 /* AuthenticationPreferenceView.swift in Sources */ = {isa = PBXBuildFile; fileRef = 813F44C3290DBA6800A69C75 /* AuthenticationPreferenceView.swift */; };
		813F44C6290DBBE000A69C75 /* AppearancePreferenceView.swift in Sources */ = {isa = PBXBuildFile; fileRef = 813F44C5290DBBE000A69C75 /* AppearancePreferenceView.swift */; };
		813F44C8290DC45300A69C75 /* KeyDetailView.swift in Sources */ = {isa = PBXBuildFile; fileRef = 813F44C7290DC45300A69C75 /* KeyDetailView.swift */; };
		813F44CB290DCF2F00A69C75 /* GenerateKeyPairViewModel.swift in Sources */ = {isa = PBXBuildFile; fileRef = 813F44CA290DCF2F00A69C75 /* GenerateKeyPairViewModel.swift */; };
		813F44CE290DD17000A69C75 /* Navajo.swift in Sources */ = {isa = PBXBuildFile; fileRef = 813F44CD290DD17000A69C75 /* Navajo.swift */; };
		813F44D1290DD66200A69C75 /* KeyPickerView.swift in Sources */ = {isa = PBXBuildFile; fileRef = 813F44D0290DD66200A69C75 /* KeyPickerView.swift */; };
		813FD26929227F1000F55FCC /* KeyserverSearchResult.swift in Sources */ = {isa = PBXBuildFile; fileRef = 813FD26829227F1000F55FCC /* KeyserverSearchResult.swift */; };
		813FD26B29227F3700F55FCC /* KeyserverSearchResultOrigin.swift in Sources */ = {isa = PBXBuildFile; fileRef = 813FD26A29227F3700F55FCC /* KeyserverSearchResultOrigin.swift */; };
		813FD276292693FA00F55FCC /* ProtonMailAPI.swift in Sources */ = {isa = PBXBuildFile; fileRef = 813FD275292693FA00F55FCC /* ProtonMailAPI.swift */; };
		8157F56B292BC4B1001EA784 /* OpenPGPError.swift in Sources */ = {isa = PBXBuildFile; fileRef = 8157F56A292BC4B1001EA784 /* OpenPGPError.swift */; };
		8157F56D292BCDA7001EA784 /* EncryptionViewModel.swift in Sources */ = {isa = PBXBuildFile; fileRef = 8157F56C292BCDA7001EA784 /* EncryptionViewModel.swift */; };
		8157F56F292BCE47001EA784 /* PassphraseInputView.swift in Sources */ = {isa = PBXBuildFile; fileRef = 8157F56E292BCE47001EA784 /* PassphraseInputView.swift */; };
		816C2F0B2912FE85005A84B6 /* MockData.swift in Sources */ = {isa = PBXBuildFile; fileRef = 816C2F0A2912FE85005A84B6 /* MockData.swift */; };
		816C2F0D291301B7005A84B6 /* KeyDetailViewModel.swift in Sources */ = {isa = PBXBuildFile; fileRef = 816C2F0C291301B7005A84B6 /* KeyDetailViewModel.swift */; };
		8178B4A228FEF3880027AACF /* PGProApp.swift in Sources */ = {isa = PBXBuildFile; fileRef = 8178B4A128FEF3880027AACF /* PGProApp.swift */; };
		8178B4A628FEF3890027AACF /* Assets.xcassets in Resources */ = {isa = PBXBuildFile; fileRef = 8178B4A528FEF3890027AACF /* Assets.xcassets */; };
		8178B4B228FEF4510027AACF /* EncryptionView.swift in Sources */ = {isa = PBXBuildFile; fileRef = 8178B4B128FEF4510027AACF /* EncryptionView.swift */; };
		8178B4B428FEF4680027AACF /* DecryptionView.swift in Sources */ = {isa = PBXBuildFile; fileRef = 8178B4B328FEF4680027AACF /* DecryptionView.swift */; };
		8178B4B628FEF4710027AACF /* SettingsView.swift in Sources */ = {isa = PBXBuildFile; fileRef = 8178B4B528FEF4710027AACF /* SettingsView.swift */; };
		8178B4B828FEF47C0027AACF /* KeychainView.swift in Sources */ = {isa = PBXBuildFile; fileRef = 8178B4B728FEF47C0027AACF /* KeychainView.swift */; };
		8178B4BE28FEF9F80027AACF /* UserAvatarView.swift in Sources */ = {isa = PBXBuildFile; fileRef = 8178B4BD28FEF9F80027AACF /* UserAvatarView.swift */; };
		8193DA6C29117F2F00F103D5 /* PGPro.xcdatamodeld in Sources */ = {isa = PBXBuildFile; fileRef = 8193DA6A29117F2F00F103D5 /* PGPro.xcdatamodeld */; };
		8193DA6E291181C100F103D5 /* DataController.swift in Sources */ = {isa = PBXBuildFile; fileRef = 8193DA6D291181C100F103D5 /* DataController.swift */; };
		8193DA712911843400F103D5 /* Contact.swift in Sources */ = {isa = PBXBuildFile; fileRef = 8193DA702911843400F103D5 /* Contact.swift */; };
		8193DA7C29118E9900F103D5 /* Contact+Identifiable.swift in Sources */ = {isa = PBXBuildFile; fileRef = 8193DA7B29118E9900F103D5 /* Contact+Identifiable.swift */; };
		8193DA7F2911903900F103D5 /* ObjectivePGP in Frameworks */ = {isa = PBXBuildFile; productRef = 8193DA7E2911903900F103D5 /* ObjectivePGP */; };
		8193DA822911907300F103D5 /* OpenPGP.swift in Sources */ = {isa = PBXBuildFile; fileRef = 8193DA812911907300F103D5 /* OpenPGP.swift */; };
		8193DA84291190ED00F103D5 /* Contact+OpenPGP.swift in Sources */ = {isa = PBXBuildFile; fileRef = 8193DA83291190ED00F103D5 /* Contact+OpenPGP.swift */; };
		8193DA862911962300F103D5 /* String+insertedSeparator.swift in Sources */ = {isa = PBXBuildFile; fileRef = 8193DA852911962300F103D5 /* String+insertedSeparator.swift */; };
		819CD9E5290E704B006B4804 /* TapticEngine.swift in Sources */ = {isa = PBXBuildFile; fileRef = 819CD9E4290E704B006B4804 /* TapticEngine.swift */; };
		819CD9F0290E75A0006B4804 /* UserDefaultsKeys.swift in Sources */ = {isa = PBXBuildFile; fileRef = 819CD9EF290E75A0006B4804 /* UserDefaultsKeys.swift */; };
		819CD9F5290E861D006B4804 /* SPAlert in Frameworks */ = {isa = PBXBuildFile; productRef = 819CD9F4290E861D006B4804 /* SPAlert */; };
		819CD9F7290E8648006B4804 /* Authentication.swift in Sources */ = {isa = PBXBuildFile; fileRef = 819CD9F6290E8648006B4804 /* Authentication.swift */; };
		819CD9F9290E877D006B4804 /* AuthenticationPreferenceViewModel.swift in Sources */ = {isa = PBXBuildFile; fileRef = 819CD9F8290E877D006B4804 /* AuthenticationPreferenceViewModel.swift */; };
		819CD9FB290E8959006B4804 /* LaunchAuthenticationView.swift in Sources */ = {isa = PBXBuildFile; fileRef = 819CD9FA290E8958006B4804 /* LaunchAuthenticationView.swift */; };
		819CD9FF290E9AB3006B4804 /* Color+RawRepresentable.swift in Sources */ = {isa = PBXBuildFile; fileRef = 819CD9FE290E9AB3006B4804 /* Color+RawRepresentable.swift */; };
		81A0F58E290D31F30091C3B9 /* KeychainCardView.swift in Sources */ = {isa = PBXBuildFile; fileRef = 81A0F58D290D31F30091C3B9 /* KeychainCardView.swift */; };
		81A60B4628FFE17500177647 /* MainView.swift in Sources */ = {isa = PBXBuildFile; fileRef = 81A60B4528FFE17500177647 /* MainView.swift */; };
		81B2D10A29213DA800DB92D9 /* Contact+Equatable.swift in Sources */ = {isa = PBXBuildFile; fileRef = 81B2D10929213DA800DB92D9 /* Contact+Equatable.swift */; };
		81C9D70A292045FF00BCA788 /* Contact+add.swift in Sources */ = {isa = PBXBuildFile; fileRef = 81C9D709292045FF00BCA788 /* Contact+add.swift */; };
		81C9D70C292054F300BCA788 /* String+slice.swift in Sources */ = {isa = PBXBuildFile; fileRef = 81C9D70B292054F300BCA788 /* String+slice.swift */; };
		81CF5448290D98FF000ECBC3 /* LicencesView.swift in Sources */ = {isa = PBXBuildFile; fileRef = 81CF5447290D98FF000ECBC3 /* LicencesView.swift */; };
		81CF544A290D995B000ECBC3 /* MailIntegrationPreferenceView.swift in Sources */ = {isa = PBXBuildFile; fileRef = 81CF5449290D995B000ECBC3 /* MailIntegrationPreferenceView.swift */; };
		81CF544D290D9AB1000ECBC3 /* License.swift in Sources */ = {isa = PBXBuildFile; fileRef = 81CF544C290D9AB1000ECBC3 /* License.swift */; };
		81CF544F290D9C6F000ECBC3 /* ColorfulIconLabelStyle.swift in Sources */ = {isa = PBXBuildFile; fileRef = 81CF544E290D9C6F000ECBC3 /* ColorfulIconLabelStyle.swift */; };
		81CF5451290DA021000ECBC3 /* KeyserverSearchView.swift in Sources */ = {isa = PBXBuildFile; fileRef = 81CF5450290DA021000ECBC3 /* KeyserverSearchView.swift */; };
		81DC4F102920227F00C1AE11 /* ZBase32.swift in Sources */ = {isa = PBXBuildFile; fileRef = 81DC4F0F2920227F00C1AE11 /* ZBase32.swift */; };
		81DC4F13292022F600C1AE11 /* WebKeyDirectory.swift in Sources */ = {isa = PBXBuildFile; fileRef = 81DC4F12292022F600C1AE11 /* WebKeyDirectory.swift */; };
		81DC4F152920240000C1AE11 /* String+InsecureHashing.swift in Sources */ = {isa = PBXBuildFile; fileRef = 81DC4F142920240000C1AE11 /* String+InsecureHashing.swift */; };
		81DC4F172920244600C1AE11 /* Data+hexString.swift in Sources */ = {isa = PBXBuildFile; fileRef = 81DC4F162920244600C1AE11 /* Data+hexString.swift */; };
		81DC4F192920262400C1AE11 /* Logger.swift in Sources */ = {isa = PBXBuildFile; fileRef = 81DC4F182920262400C1AE11 /* Logger.swift */; };
		81DC4F1B2920299500C1AE11 /* KeyserverSearchViewModel.swift in Sources */ = {isa = PBXBuildFile; fileRef = 81DC4F1A2920299500C1AE11 /* KeyserverSearchViewModel.swift */; };
		81DC4F1D292032E700C1AE11 /* VerifyingKeyserver.swift in Sources */ = {isa = PBXBuildFile; fileRef = 81DC4F1C292032E700C1AE11 /* VerifyingKeyserver.swift */; };
		81DC4F1F2920355C00C1AE11 /* URLSession+keys.swift in Sources */ = {isa = PBXBuildFile; fileRef = 81DC4F1E2920355C00C1AE11 /* URLSession+keys.swift */; };
		81DC4F2129203F8F00C1AE11 /* KeyserverSearchResultCardView.swift in Sources */ = {isa = PBXBuildFile; fileRef = 81DC4F2029203F8F00C1AE11 /* KeyserverSearchResultCardView.swift */; };
		81EC158B2911B4F80060CDB2 /* KeychainCardViewModel.swift in Sources */ = {isa = PBXBuildFile; fileRef = 81EC158A2911B4F80060CDB2 /* KeychainCardViewModel.swift */; };
		81EC15902911B6E40060CDB2 /* GenerateKeyPairValidationError.swift in Sources */ = {isa = PBXBuildFile; fileRef = 81EC158F2911B6E40060CDB2 /* GenerateKeyPairValidationError.swift */; };
		81ECDA6A290D60CF00BD7640 /* GenerateKeyPairView.swift in Sources */ = {isa = PBXBuildFile; fileRef = 81ECDA69290D60CF00BD7640 /* GenerateKeyPairView.swift */; };
		81ECDA6C290D6E5C00BD7640 /* InitialsView.swift in Sources */ = {isa = PBXBuildFile; fileRef = 81ECDA6B290D6E5C00BD7640 /* InitialsView.swift */; };
/* End PBXBuildFile section */

/* Begin PBXFileReference section */
		8122A911290ED8DD0027F36D /* String+isValidEmail.swift */ = {isa = PBXFileReference; lastKnownFileType = sourcecode.swift; path = "String+isValidEmail.swift"; sourceTree = "<group>"; };
		8122A916290EDE5E0027F36D /* MailIntegration.swift */ = {isa = PBXFileReference; lastKnownFileType = sourcecode.swift; path = MailIntegration.swift; sourceTree = "<group>"; };
		813F44C3290DBA6800A69C75 /* AuthenticationPreferenceView.swift */ = {isa = PBXFileReference; lastKnownFileType = sourcecode.swift; path = AuthenticationPreferenceView.swift; sourceTree = "<group>"; };
		813F44C5290DBBE000A69C75 /* AppearancePreferenceView.swift */ = {isa = PBXFileReference; lastKnownFileType = sourcecode.swift; path = AppearancePreferenceView.swift; sourceTree = "<group>"; };
		813F44C7290DC45300A69C75 /* KeyDetailView.swift */ = {isa = PBXFileReference; lastKnownFileType = sourcecode.swift; path = KeyDetailView.swift; sourceTree = "<group>"; };
		813F44CA290DCF2F00A69C75 /* GenerateKeyPairViewModel.swift */ = {isa = PBXFileReference; lastKnownFileType = sourcecode.swift; path = GenerateKeyPairViewModel.swift; sourceTree = "<group>"; };
		813F44CD290DD17000A69C75 /* Navajo.swift */ = {isa = PBXFileReference; lastKnownFileType = sourcecode.swift; path = Navajo.swift; sourceTree = "<group>"; };
		813F44D0290DD66200A69C75 /* KeyPickerView.swift */ = {isa = PBXFileReference; lastKnownFileType = sourcecode.swift; path = KeyPickerView.swift; sourceTree = "<group>"; };
		813FD26829227F1000F55FCC /* KeyserverSearchResult.swift */ = {isa = PBXFileReference; lastKnownFileType = sourcecode.swift; path = KeyserverSearchResult.swift; sourceTree = "<group>"; };
		813FD26A29227F3700F55FCC /* KeyserverSearchResultOrigin.swift */ = {isa = PBXFileReference; lastKnownFileType = sourcecode.swift; path = KeyserverSearchResultOrigin.swift; sourceTree = "<group>"; };
		813FD275292693FA00F55FCC /* ProtonMailAPI.swift */ = {isa = PBXFileReference; lastKnownFileType = sourcecode.swift; path = ProtonMailAPI.swift; sourceTree = "<group>"; };
		8157F56A292BC4B1001EA784 /* OpenPGPError.swift */ = {isa = PBXFileReference; lastKnownFileType = sourcecode.swift; path = OpenPGPError.swift; sourceTree = "<group>"; };
		8157F56C292BCDA7001EA784 /* EncryptionViewModel.swift */ = {isa = PBXFileReference; lastKnownFileType = sourcecode.swift; path = EncryptionViewModel.swift; sourceTree = "<group>"; };
		8157F56E292BCE47001EA784 /* PassphraseInputView.swift */ = {isa = PBXFileReference; lastKnownFileType = sourcecode.swift; path = PassphraseInputView.swift; sourceTree = "<group>"; };
		816C2F0A2912FE85005A84B6 /* MockData.swift */ = {isa = PBXFileReference; lastKnownFileType = sourcecode.swift; path = MockData.swift; sourceTree = "<group>"; };
		816C2F0C291301B7005A84B6 /* KeyDetailViewModel.swift */ = {isa = PBXFileReference; lastKnownFileType = sourcecode.swift; path = KeyDetailViewModel.swift; sourceTree = "<group>"; };
		8178B49E28FEF3880027AACF /* PGPro.app */ = {isa = PBXFileReference; explicitFileType = wrapper.application; includeInIndex = 0; path = PGPro.app; sourceTree = BUILT_PRODUCTS_DIR; };
		8178B4A128FEF3880027AACF /* PGProApp.swift */ = {isa = PBXFileReference; lastKnownFileType = sourcecode.swift; path = PGProApp.swift; sourceTree = "<group>"; };
		8178B4A528FEF3890027AACF /* Assets.xcassets */ = {isa = PBXFileReference; lastKnownFileType = folder.assetcatalog; path = Assets.xcassets; sourceTree = "<group>"; };
		8178B4B128FEF4510027AACF /* EncryptionView.swift */ = {isa = PBXFileReference; lastKnownFileType = sourcecode.swift; path = EncryptionView.swift; sourceTree = "<group>"; };
		8178B4B328FEF4680027AACF /* DecryptionView.swift */ = {isa = PBXFileReference; lastKnownFileType = sourcecode.swift; path = DecryptionView.swift; sourceTree = "<group>"; };
		8178B4B528FEF4710027AACF /* SettingsView.swift */ = {isa = PBXFileReference; lastKnownFileType = sourcecode.swift; path = SettingsView.swift; sourceTree = "<group>"; };
		8178B4B728FEF47C0027AACF /* KeychainView.swift */ = {isa = PBXFileReference; lastKnownFileType = sourcecode.swift; path = KeychainView.swift; sourceTree = "<group>"; };
		8178B4BD28FEF9F80027AACF /* UserAvatarView.swift */ = {isa = PBXFileReference; lastKnownFileType = sourcecode.swift; path = UserAvatarView.swift; sourceTree = "<group>"; };
		8193DA6B29117F2F00F103D5 /* PGPro.xcdatamodel */ = {isa = PBXFileReference; lastKnownFileType = wrapper.xcdatamodel; path = PGPro.xcdatamodel; sourceTree = "<group>"; };
		8193DA6D291181C100F103D5 /* DataController.swift */ = {isa = PBXFileReference; lastKnownFileType = sourcecode.swift; path = DataController.swift; sourceTree = "<group>"; };
		8193DA702911843400F103D5 /* Contact.swift */ = {isa = PBXFileReference; lastKnownFileType = sourcecode.swift; path = Contact.swift; sourceTree = "<group>"; };
		8193DA7B29118E9900F103D5 /* Contact+Identifiable.swift */ = {isa = PBXFileReference; lastKnownFileType = sourcecode.swift; path = "Contact+Identifiable.swift"; sourceTree = "<group>"; };
		8193DA812911907300F103D5 /* OpenPGP.swift */ = {isa = PBXFileReference; lastKnownFileType = sourcecode.swift; path = OpenPGP.swift; sourceTree = "<group>"; };
		8193DA83291190ED00F103D5 /* Contact+OpenPGP.swift */ = {isa = PBXFileReference; lastKnownFileType = sourcecode.swift; path = "Contact+OpenPGP.swift"; sourceTree = "<group>"; };
		8193DA852911962300F103D5 /* String+insertedSeparator.swift */ = {isa = PBXFileReference; lastKnownFileType = sourcecode.swift; path = "String+insertedSeparator.swift"; sourceTree = "<group>"; };
		819CD9E4290E704B006B4804 /* TapticEngine.swift */ = {isa = PBXFileReference; lastKnownFileType = sourcecode.swift; path = TapticEngine.swift; sourceTree = "<group>"; };
		819CD9EF290E75A0006B4804 /* UserDefaultsKeys.swift */ = {isa = PBXFileReference; lastKnownFileType = sourcecode.swift; path = UserDefaultsKeys.swift; sourceTree = "<group>"; };
		819CD9F6290E8648006B4804 /* Authentication.swift */ = {isa = PBXFileReference; lastKnownFileType = sourcecode.swift; path = Authentication.swift; sourceTree = "<group>"; };
		819CD9F8290E877D006B4804 /* AuthenticationPreferenceViewModel.swift */ = {isa = PBXFileReference; lastKnownFileType = sourcecode.swift; path = AuthenticationPreferenceViewModel.swift; sourceTree = "<group>"; };
		819CD9FA290E8958006B4804 /* LaunchAuthenticationView.swift */ = {isa = PBXFileReference; lastKnownFileType = sourcecode.swift; path = LaunchAuthenticationView.swift; sourceTree = "<group>"; };
		819CD9FC290E9130006B4804 /* Info.plist */ = {isa = PBXFileReference; lastKnownFileType = text.plist; path = Info.plist; sourceTree = "<group>"; };
		819CD9FE290E9AB3006B4804 /* Color+RawRepresentable.swift */ = {isa = PBXFileReference; lastKnownFileType = sourcecode.swift; path = "Color+RawRepresentable.swift"; sourceTree = "<group>"; };
		81A0F58D290D31F30091C3B9 /* KeychainCardView.swift */ = {isa = PBXFileReference; lastKnownFileType = sourcecode.swift; path = KeychainCardView.swift; sourceTree = "<group>"; };
		81A60B4528FFE17500177647 /* MainView.swift */ = {isa = PBXFileReference; lastKnownFileType = sourcecode.swift; path = MainView.swift; sourceTree = "<group>"; };
		81B2D10929213DA800DB92D9 /* Contact+Equatable.swift */ = {isa = PBXFileReference; lastKnownFileType = sourcecode.swift; path = "Contact+Equatable.swift"; sourceTree = "<group>"; };
		81C9D709292045FF00BCA788 /* Contact+add.swift */ = {isa = PBXFileReference; lastKnownFileType = sourcecode.swift; path = "Contact+add.swift"; sourceTree = "<group>"; };
		81C9D70B292054F300BCA788 /* String+slice.swift */ = {isa = PBXFileReference; lastKnownFileType = sourcecode.swift; path = "String+slice.swift"; sourceTree = "<group>"; };
		81CF5447290D98FF000ECBC3 /* LicencesView.swift */ = {isa = PBXFileReference; lastKnownFileType = sourcecode.swift; path = LicencesView.swift; sourceTree = "<group>"; };
		81CF5449290D995B000ECBC3 /* MailIntegrationPreferenceView.swift */ = {isa = PBXFileReference; lastKnownFileType = sourcecode.swift; path = MailIntegrationPreferenceView.swift; sourceTree = "<group>"; };
		81CF544C290D9AB1000ECBC3 /* License.swift */ = {isa = PBXFileReference; lastKnownFileType = sourcecode.swift; path = License.swift; sourceTree = "<group>"; };
		81CF544E290D9C6F000ECBC3 /* ColorfulIconLabelStyle.swift */ = {isa = PBXFileReference; lastKnownFileType = sourcecode.swift; path = ColorfulIconLabelStyle.swift; sourceTree = "<group>"; };
		81CF5450290DA021000ECBC3 /* KeyserverSearchView.swift */ = {isa = PBXFileReference; lastKnownFileType = sourcecode.swift; path = KeyserverSearchView.swift; sourceTree = "<group>"; };
		81DC4F0F2920227F00C1AE11 /* ZBase32.swift */ = {isa = PBXFileReference; lastKnownFileType = sourcecode.swift; path = ZBase32.swift; sourceTree = "<group>"; };
		81DC4F12292022F600C1AE11 /* WebKeyDirectory.swift */ = {isa = PBXFileReference; lastKnownFileType = sourcecode.swift; path = WebKeyDirectory.swift; sourceTree = "<group>"; };
		81DC4F142920240000C1AE11 /* String+InsecureHashing.swift */ = {isa = PBXFileReference; lastKnownFileType = sourcecode.swift; path = "String+InsecureHashing.swift"; sourceTree = "<group>"; };
		81DC4F162920244600C1AE11 /* Data+hexString.swift */ = {isa = PBXFileReference; lastKnownFileType = sourcecode.swift; path = "Data+hexString.swift"; sourceTree = "<group>"; };
		81DC4F182920262400C1AE11 /* Logger.swift */ = {isa = PBXFileReference; lastKnownFileType = sourcecode.swift; path = Logger.swift; sourceTree = "<group>"; };
		81DC4F1A2920299500C1AE11 /* KeyserverSearchViewModel.swift */ = {isa = PBXFileReference; lastKnownFileType = sourcecode.swift; path = KeyserverSearchViewModel.swift; sourceTree = "<group>"; };
		81DC4F1C292032E700C1AE11 /* VerifyingKeyserver.swift */ = {isa = PBXFileReference; lastKnownFileType = sourcecode.swift; path = VerifyingKeyserver.swift; sourceTree = "<group>"; };
		81DC4F1E2920355C00C1AE11 /* URLSession+keys.swift */ = {isa = PBXFileReference; lastKnownFileType = sourcecode.swift; path = "URLSession+keys.swift"; sourceTree = "<group>"; };
		81DC4F2029203F8F00C1AE11 /* KeyserverSearchResultCardView.swift */ = {isa = PBXFileReference; lastKnownFileType = sourcecode.swift; path = KeyserverSearchResultCardView.swift; sourceTree = "<group>"; };
		81EC158A2911B4F80060CDB2 /* KeychainCardViewModel.swift */ = {isa = PBXFileReference; lastKnownFileType = sourcecode.swift; path = KeychainCardViewModel.swift; sourceTree = "<group>"; };
		81EC158F2911B6E40060CDB2 /* GenerateKeyPairValidationError.swift */ = {isa = PBXFileReference; lastKnownFileType = sourcecode.swift; path = GenerateKeyPairValidationError.swift; sourceTree = "<group>"; };
		81ECDA69290D60CF00BD7640 /* GenerateKeyPairView.swift */ = {isa = PBXFileReference; lastKnownFileType = sourcecode.swift; path = GenerateKeyPairView.swift; sourceTree = "<group>"; };
		81ECDA6B290D6E5C00BD7640 /* InitialsView.swift */ = {isa = PBXFileReference; lastKnownFileType = sourcecode.swift; path = InitialsView.swift; sourceTree = "<group>"; };
/* End PBXFileReference section */

/* Begin PBXFrameworksBuildPhase section */
		8178B49B28FEF3880027AACF /* Frameworks */ = {
			isa = PBXFrameworksBuildPhase;
			buildActionMask = 2147483647;
			files = (
				819CD9F5290E861D006B4804 /* SPAlert in Frameworks */,
				8193DA7F2911903900F103D5 /* ObjectivePGP in Frameworks */,
				8122A915290EDE4D0027F36D /* ThirdPartyMailer in Frameworks */,
			);
			runOnlyForDeploymentPostprocessing = 0;
		};
/* End PBXFrameworksBuildPhase section */

/* Begin PBXGroup section */
		813F44C9290DCF1700A69C75 /* ViewModel */ = {
			isa = PBXGroup;
			children = (
				81EC158A2911B4F80060CDB2 /* KeychainCardViewModel.swift */,
			);
			path = ViewModel;
			sourceTree = "<group>";
		};
		813F44CC290DD16200A69C75 /* Utilities */ = {
			isa = PBXGroup;
			children = (
				813F44CD290DD17000A69C75 /* Navajo.swift */,
				819CD9E4290E704B006B4804 /* TapticEngine.swift */,
				81DC4F0F2920227F00C1AE11 /* ZBase32.swift */,
			);
			path = Utilities;
			sourceTree = "<group>";
		};
		813F44CF290DD64100A69C75 /* Views */ = {
			isa = PBXGroup;
			children = (
				81A60B4528FFE17500177647 /* MainView.swift */,
				813F44D0290DD66200A69C75 /* KeyPickerView.swift */,
				819CD9FA290E8958006B4804 /* LaunchAuthenticationView.swift */,
			);
			path = Views;
			sourceTree = "<group>";
		};
		813FD26629227F0200F55FCC /* Keyserver Search */ = {
			isa = PBXGroup;
			children = (
				813FD26D29227F6E00F55FCC /* Views */,
				813FD26C29227F6400F55FCC /* ViewModel */,
				813FD26729227F0800F55FCC /* Model */,
			);
			path = "Keyserver Search";
			sourceTree = "<group>";
		};
		813FD26729227F0800F55FCC /* Model */ = {
			isa = PBXGroup;
			children = (
				813FD26829227F1000F55FCC /* KeyserverSearchResult.swift */,
				813FD26A29227F3700F55FCC /* KeyserverSearchResultOrigin.swift */,
			);
			path = Model;
			sourceTree = "<group>";
		};
		813FD26C29227F6400F55FCC /* ViewModel */ = {
			isa = PBXGroup;
			children = (
				81DC4F1A2920299500C1AE11 /* KeyserverSearchViewModel.swift */,
			);
			path = ViewModel;
			sourceTree = "<group>";
		};
		813FD26D29227F6E00F55FCC /* Views */ = {
			isa = PBXGroup;
			children = (
				81CF5450290DA021000ECBC3 /* KeyserverSearchView.swift */,
				81DC4F2029203F8F00C1AE11 /* KeyserverSearchResultCardView.swift */,
			);
			path = Views;
			sourceTree = "<group>";
		};
		813FD26E29227F7E00F55FCC /* Generate Key Pair */ = {
			isa = PBXGroup;
			children = (
				813FD27029227F9600F55FCC /* Views */,
				813FD26F29227F8C00F55FCC /* ViewModel */,
				81EC158C2911B6980060CDB2 /* Model */,
			);
			path = "Generate Key Pair";
			sourceTree = "<group>";
		};
		813FD26F29227F8C00F55FCC /* ViewModel */ = {
			isa = PBXGroup;
			children = (
				813F44CA290DCF2F00A69C75 /* GenerateKeyPairViewModel.swift */,
			);
			path = ViewModel;
			sourceTree = "<group>";
		};
		813FD27029227F9600F55FCC /* Views */ = {
			isa = PBXGroup;
			children = (
				81ECDA69290D60CF00BD7640 /* GenerateKeyPairView.swift */,
			);
			path = Views;
			sourceTree = "<group>";
		};
		813FD27129227FA200F55FCC /* Key Detail */ = {
			isa = PBXGroup;
			children = (
				813FD27329227FB000F55FCC /* Views */,
				813FD27229227FA800F55FCC /* ViewModel */,
			);
			path = "Key Detail";
			sourceTree = "<group>";
		};
		813FD27229227FA800F55FCC /* ViewModel */ = {
			isa = PBXGroup;
			children = (
				816C2F0C291301B7005A84B6 /* KeyDetailViewModel.swift */,
			);
			path = ViewModel;
			sourceTree = "<group>";
		};
		813FD27329227FB000F55FCC /* Views */ = {
			isa = PBXGroup;
			children = (
				813F44C7290DC45300A69C75 /* KeyDetailView.swift */,
			);
			path = Views;
			sourceTree = "<group>";
		};
		813FD27429227FB900F55FCC /* Main */ = {
			isa = PBXGroup;
			children = (
				813F44C9290DCF1700A69C75 /* ViewModel */,
				81CF5445290D979E000ECBC3 /* Views */,
			);
			path = Main;
			sourceTree = "<group>";
		};
		8178B49528FEF3880027AACF = {
			isa = PBXGroup;
			children = (
				8178B4A028FEF3880027AACF /* PGPro */,
				8178B49F28FEF3880027AACF /* Products */,
			);
			sourceTree = "<group>";
		};
		8178B49F28FEF3880027AACF /* Products */ = {
			isa = PBXGroup;
			children = (
				8178B49E28FEF3880027AACF /* PGPro.app */,
			);
			name = Products;
			sourceTree = "<group>";
		};
		8178B4A028FEF3880027AACF /* PGPro */ = {
			isa = PBXGroup;
			children = (
				819CD9FC290E9130006B4804 /* Info.plist */,
				8178B4A528FEF3890027AACF /* Assets.xcassets */,
				8178B4A128FEF3880027AACF /* PGProApp.swift */,
				81CF543F290D9387000ECBC3 /* Global */,
				81CF5440290D9392000ECBC3 /* Encryption */,
				81CF5441290D93AA000ECBC3 /* Decryption */,
				81CF5442290D93B2000ECBC3 /* Keychain */,
				81CF5443290D93C4000ECBC3 /* Settings */,
			);
			path = PGPro;
			sourceTree = "<group>";
		};
		8178B4B928FEF4890027AACF /* UI Elements */ = {
			isa = PBXGroup;
			children = (
				81CF544E290D9C6F000ECBC3 /* ColorfulIconLabelStyle.swift */,
				8178B4BD28FEF9F80027AACF /* UserAvatarView.swift */,
				81ECDA6B290D6E5C00BD7640 /* InitialsView.swift */,
				81DC4F182920262400C1AE11 /* Logger.swift */,
			);
			path = "UI Elements";
			sourceTree = "<group>";
		};
		8193DA6829117E7600F103D5 /* Data */ = {
			isa = PBXGroup;
			children = (
				8193DA6A29117F2F00F103D5 /* PGPro.xcdatamodeld */,
				8193DA6D291181C100F103D5 /* DataController.swift */,
				816C2F0A2912FE85005A84B6 /* MockData.swift */,
			);
			path = Data;
			sourceTree = "<group>";
		};
		8193DA6929117EB500F103D5 /* Model */ = {
			isa = PBXGroup;
			children = (
				81DC4F11292022E400C1AE11 /* Key Server Search */,
				8193DA802911906300F103D5 /* OpenPGP */,
				8193DA6F2911842500F103D5 /* Contact */,
				8193DA6829117E7600F103D5 /* Data */,
			);
			path = Model;
			sourceTree = "<group>";
		};
		8193DA6F2911842500F103D5 /* Contact */ = {
			isa = PBXGroup;
			children = (
				8193DA702911843400F103D5 /* Contact.swift */,
				81B2D10929213DA800DB92D9 /* Contact+Equatable.swift */,
				8193DA7B29118E9900F103D5 /* Contact+Identifiable.swift */,
				8193DA83291190ED00F103D5 /* Contact+OpenPGP.swift */,
				81C9D709292045FF00BCA788 /* Contact+add.swift */,
			);
			path = Contact;
			sourceTree = "<group>";
		};
		8193DA802911906300F103D5 /* OpenPGP */ = {
			isa = PBXGroup;
			children = (
				8193DA812911907300F103D5 /* OpenPGP.swift */,
				8157F56A292BC4B1001EA784 /* OpenPGPError.swift */,
			);
			path = OpenPGP;
			sourceTree = "<group>";
		};
		819CD9E8290E743A006B4804 /* ViewModel */ = {
			isa = PBXGroup;
			children = (
				819CD9F8290E877D006B4804 /* AuthenticationPreferenceViewModel.swift */,
			);
			path = ViewModel;
			sourceTree = "<group>";
		};
		819CD9EE290E758E006B4804 /* Constants */ = {
			isa = PBXGroup;
			children = (
				819CD9EF290E75A0006B4804 /* UserDefaultsKeys.swift */,
			);
			path = Constants;
			sourceTree = "<group>";
		};
		819CD9FD290E9A99006B4804 /* Extensions */ = {
			isa = PBXGroup;
			children = (
				819CD9FE290E9AB3006B4804 /* Color+RawRepresentable.swift */,
				8122A911290ED8DD0027F36D /* String+isValidEmail.swift */,
				8193DA852911962300F103D5 /* String+insertedSeparator.swift */,
				81DC4F142920240000C1AE11 /* String+InsecureHashing.swift */,
				81DC4F162920244600C1AE11 /* Data+hexString.swift */,
				81C9D70B292054F300BCA788 /* String+slice.swift */,
			);
			path = Extensions;
			sourceTree = "<group>";
		};
		81CF543F290D9387000ECBC3 /* Global */ = {
			isa = PBXGroup;
			children = (
				8193DA6929117EB500F103D5 /* Model */,
				819CD9FD290E9A99006B4804 /* Extensions */,
				819CD9EE290E758E006B4804 /* Constants */,
				813F44CF290DD64100A69C75 /* Views */,
				813F44CC290DD16200A69C75 /* Utilities */,
				8178B4B928FEF4890027AACF /* UI Elements */,
			);
			path = Global;
			sourceTree = "<group>";
		};
		81CF5440290D9392000ECBC3 /* Encryption */ = {
			isa = PBXGroup;
			children = (
				81D61547292249DE00012BE5 /* ViewModel */,
				81CF5444290D9792000ECBC3 /* Views */,
			);
			path = Encryption;
			sourceTree = "<group>";
		};
		81CF5441290D93AA000ECBC3 /* Decryption */ = {
			isa = PBXGroup;
			children = (
				8178B4B328FEF4680027AACF /* DecryptionView.swift */,
			);
			path = Decryption;
			sourceTree = "<group>";
		};
		81CF5442290D93B2000ECBC3 /* Keychain */ = {
			isa = PBXGroup;
			children = (
				813FD27429227FB900F55FCC /* Main */,
				813FD27129227FA200F55FCC /* Key Detail */,
				813FD26E29227F7E00F55FCC /* Generate Key Pair */,
				813FD26629227F0200F55FCC /* Keyserver Search */,
			);
			path = Keychain;
			sourceTree = "<group>";
		};
		81CF5443290D93C4000ECBC3 /* Settings */ = {
			isa = PBXGroup;
			children = (
				819CD9E8290E743A006B4804 /* ViewModel */,
				81CF544B290D9A8A000ECBC3 /* Model */,
				81CF5446290D97A6000ECBC3 /* Views */,
			);
			path = Settings;
			sourceTree = "<group>";
		};
		81CF5444290D9792000ECBC3 /* Views */ = {
			isa = PBXGroup;
			children = (
				8178B4B128FEF4510027AACF /* EncryptionView.swift */,
				8157F56E292BCE47001EA784 /* PassphraseInputView.swift */,
			);
			path = Views;
			sourceTree = "<group>";
		};
		81CF5445290D979E000ECBC3 /* Views */ = {
			isa = PBXGroup;
			children = (
				81A0F58D290D31F30091C3B9 /* KeychainCardView.swift */,
				8178B4B728FEF47C0027AACF /* KeychainView.swift */,
			);
			path = Views;
			sourceTree = "<group>";
		};
		81CF5446290D97A6000ECBC3 /* Views */ = {
			isa = PBXGroup;
			children = (
				8178B4B528FEF4710027AACF /* SettingsView.swift */,
				81CF5447290D98FF000ECBC3 /* LicencesView.swift */,
				81CF5449290D995B000ECBC3 /* MailIntegrationPreferenceView.swift */,
				813F44C3290DBA6800A69C75 /* AuthenticationPreferenceView.swift */,
				813F44C5290DBBE000A69C75 /* AppearancePreferenceView.swift */,
			);
			path = Views;
			sourceTree = "<group>";
		};
		81CF544B290D9A8A000ECBC3 /* Model */ = {
			isa = PBXGroup;
			children = (
				81CF544C290D9AB1000ECBC3 /* License.swift */,
				819CD9F6290E8648006B4804 /* Authentication.swift */,
				8122A916290EDE5E0027F36D /* MailIntegration.swift */,
			);
			path = Model;
			sourceTree = "<group>";
		};
		81D61547292249DE00012BE5 /* ViewModel */ = {
			isa = PBXGroup;
			children = (
				8157F56C292BCDA7001EA784 /* EncryptionViewModel.swift */,
			);
			path = ViewModel;
			sourceTree = "<group>";
		};
		81DC4F11292022E400C1AE11 /* Key Server Search */ = {
			isa = PBXGroup;
			children = (
				81DC4F12292022F600C1AE11 /* WebKeyDirectory.swift */,
				81DC4F1C292032E700C1AE11 /* VerifyingKeyserver.swift */,
				81DC4F1E2920355C00C1AE11 /* URLSession+keys.swift */,
				813FD275292693FA00F55FCC /* ProtonMailAPI.swift */,
			);
			path = "Key Server Search";
			sourceTree = "<group>";
		};
		81EC158C2911B6980060CDB2 /* Model */ = {
			isa = PBXGroup;
			children = (
				81EC158F2911B6E40060CDB2 /* GenerateKeyPairValidationError.swift */,
			);
			path = Model;
			sourceTree = "<group>";
		};
/* End PBXGroup section */

/* Begin PBXNativeTarget section */
		8178B49D28FEF3880027AACF /* PGPro */ = {
			isa = PBXNativeTarget;
			buildConfigurationList = 8178B4AC28FEF3890027AACF /* Build configuration list for PBXNativeTarget "PGPro" */;
			buildPhases = (
				8178B49A28FEF3880027AACF /* Sources */,
				8178B49B28FEF3880027AACF /* Frameworks */,
				8178B49C28FEF3880027AACF /* Resources */,
				819CDA00290E9FE0006B4804 /* Swiftlint */,
			);
			buildRules = (
			);
			dependencies = (
			);
			name = PGPro;
			packageProductDependencies = (
				819CD9F4290E861D006B4804 /* SPAlert */,
				8122A914290EDE4D0027F36D /* ThirdPartyMailer */,
				8193DA7E2911903900F103D5 /* ObjectivePGP */,
			);
			productName = "pgpro-redesign";
			productReference = 8178B49E28FEF3880027AACF /* PGPro.app */;
			productType = "com.apple.product-type.application";
		};
/* End PBXNativeTarget section */

/* Begin PBXProject section */
		8178B49628FEF3880027AACF /* Project object */ = {
			isa = PBXProject;
			attributes = {
				BuildIndependentTargetsInParallel = 1;
				LastSwiftUpdateCheck = 1400;
				LastUpgradeCheck = 1400;
				TargetAttributes = {
					8178B49D28FEF3880027AACF = {
						CreatedOnToolsVersion = 14.0;
					};
				};
			};
			buildConfigurationList = 8178B49928FEF3880027AACF /* Build configuration list for PBXProject "PGPro" */;
			compatibilityVersion = "Xcode 14.0";
			developmentRegion = en;
			hasScannedForEncodings = 0;
			knownRegions = (
				en,
				Base,
			);
			mainGroup = 8178B49528FEF3880027AACF;
			packageReferences = (
				819CD9F3290E861D006B4804 /* XCRemoteSwiftPackageReference "SPAlert" */,
				8122A913290EDE4D0027F36D /* XCRemoteSwiftPackageReference "ThirdPartyMailer" */,
				8193DA7D2911903900F103D5 /* XCRemoteSwiftPackageReference "ObjectivePGP" */,
			);
			productRefGroup = 8178B49F28FEF3880027AACF /* Products */;
			projectDirPath = "";
			projectRoot = "";
			targets = (
				8178B49D28FEF3880027AACF /* PGPro */,
			);
		};
/* End PBXProject section */

/* Begin PBXResourcesBuildPhase section */
		8178B49C28FEF3880027AACF /* Resources */ = {
			isa = PBXResourcesBuildPhase;
			buildActionMask = 2147483647;
			files = (
				8178B4A628FEF3890027AACF /* Assets.xcassets in Resources */,
			);
			runOnlyForDeploymentPostprocessing = 0;
		};
/* End PBXResourcesBuildPhase section */

/* Begin PBXShellScriptBuildPhase section */
		819CDA00290E9FE0006B4804 /* Swiftlint */ = {
			isa = PBXShellScriptBuildPhase;
			alwaysOutOfDate = 1;
			buildActionMask = 2147483647;
			files = (
			);
			inputFileListPaths = (
			);
			inputPaths = (
			);
			name = Swiftlint;
			outputFileListPaths = (
			);
			outputPaths = (
			);
			runOnlyForDeploymentPostprocessing = 0;
			shellPath = /bin/sh;
			shellScript = "export PATH=\"$PATH:/opt/homebrew/bin\"\nif which swiftlint > /dev/null; then\n    swiftlint --fix && swiftlint\nelse\n    echo \"warning: SwiftLint not installed, download from https://github.com/realm/SwiftLint\"\nfi\n";
		};
/* End PBXShellScriptBuildPhase section */

/* Begin PBXSourcesBuildPhase section */
		8178B49A28FEF3880027AACF /* Sources */ = {
			isa = PBXSourcesBuildPhase;
			buildActionMask = 2147483647;
			files = (
				8178B4B628FEF4710027AACF /* SettingsView.swift in Sources */,
				8157F56D292BCDA7001EA784 /* EncryptionViewModel.swift in Sources */,
				8193DA822911907300F103D5 /* OpenPGP.swift in Sources */,
				81DC4F2129203F8F00C1AE11 /* KeyserverSearchResultCardView.swift in Sources */,
				81ECDA6C290D6E5C00BD7640 /* InitialsView.swift in Sources */,
				8157F56F292BCE47001EA784 /* PassphraseInputView.swift in Sources */,
				8193DA712911843400F103D5 /* Contact.swift in Sources */,
				81CF544D290D9AB1000ECBC3 /* License.swift in Sources */,
				81A60B4628FFE17500177647 /* MainView.swift in Sources */,
				819CD9F0290E75A0006B4804 /* UserDefaultsKeys.swift in Sources */,
				813F44CB290DCF2F00A69C75 /* GenerateKeyPairViewModel.swift in Sources */,
				81EC158B2911B4F80060CDB2 /* KeychainCardViewModel.swift in Sources */,
				8178B4B228FEF4510027AACF /* EncryptionView.swift in Sources */,
				813F44C6290DBBE000A69C75 /* AppearancePreferenceView.swift in Sources */,
				813FD26929227F1000F55FCC /* KeyserverSearchResult.swift in Sources */,
				8178B4A228FEF3880027AACF /* PGProApp.swift in Sources */,
				81DC4F172920244600C1AE11 /* Data+hexString.swift in Sources */,
				81CF5448290D98FF000ECBC3 /* LicencesView.swift in Sources */,
				81CF5451290DA021000ECBC3 /* KeyserverSearchView.swift in Sources */,
				81CF544F290D9C6F000ECBC3 /* ColorfulIconLabelStyle.swift in Sources */,
				81DC4F152920240000C1AE11 /* String+InsecureHashing.swift in Sources */,
				81DC4F1D292032E700C1AE11 /* VerifyingKeyserver.swift in Sources */,
				8178B4B828FEF47C0027AACF /* KeychainView.swift in Sources */,
				816C2F0B2912FE85005A84B6 /* MockData.swift in Sources */,
				81EC15902911B6E40060CDB2 /* GenerateKeyPairValidationError.swift in Sources */,
				8178B4BE28FEF9F80027AACF /* UserAvatarView.swift in Sources */,
				8178B4B428FEF4680027AACF /* DecryptionView.swift in Sources */,
				813F44CE290DD17000A69C75 /* Navajo.swift in Sources */,
				8193DA6E291181C100F103D5 /* DataController.swift in Sources */,
				81A0F58E290D31F30091C3B9 /* KeychainCardView.swift in Sources */,
				819CD9E5290E704B006B4804 /* TapticEngine.swift in Sources */,
				81DC4F13292022F600C1AE11 /* WebKeyDirectory.swift in Sources */,
				8193DA6C29117F2F00F103D5 /* PGPro.xcdatamodeld in Sources */,
				813F44C4290DBA6800A69C75 /* AuthenticationPreferenceView.swift in Sources */,
				81DC4F1F2920355C00C1AE11 /* URLSession+keys.swift in Sources */,
				81ECDA6A290D60CF00BD7640 /* GenerateKeyPairView.swift in Sources */,
				81B2D10A29213DA800DB92D9 /* Contact+Equatable.swift in Sources */,
				813FD276292693FA00F55FCC /* ProtonMailAPI.swift in Sources */,
				816C2F0D291301B7005A84B6 /* KeyDetailViewModel.swift in Sources */,
				813F44D1290DD66200A69C75 /* KeyPickerView.swift in Sources */,
				8193DA84291190ED00F103D5 /* Contact+OpenPGP.swift in Sources */,
				819CD9F7290E8648006B4804 /* Authentication.swift in Sources */,
				819CD9FF290E9AB3006B4804 /* Color+RawRepresentable.swift in Sources */,
				8122A912290ED8DD0027F36D /* String+isValidEmail.swift in Sources */,
				8193DA862911962300F103D5 /* String+insertedSeparator.swift in Sources */,
				81DC4F1B2920299500C1AE11 /* KeyserverSearchViewModel.swift in Sources */,
				813FD26B29227F3700F55FCC /* KeyserverSearchResultOrigin.swift in Sources */,
				813F44C8290DC45300A69C75 /* KeyDetailView.swift in Sources */,
				819CD9F9290E877D006B4804 /* AuthenticationPreferenceViewModel.swift in Sources */,
				81CF544A290D995B000ECBC3 /* MailIntegrationPreferenceView.swift in Sources */,
				8157F56B292BC4B1001EA784 /* OpenPGPError.swift in Sources */,
				81DC4F192920262400C1AE11 /* Logger.swift in Sources */,
				81DC4F102920227F00C1AE11 /* ZBase32.swift in Sources */,
				8193DA7C29118E9900F103D5 /* Contact+Identifiable.swift in Sources */,
				81C9D70C292054F300BCA788 /* String+slice.swift in Sources */,
				819CD9FB290E8959006B4804 /* LaunchAuthenticationView.swift in Sources */,
				81C9D70A292045FF00BCA788 /* Contact+add.swift in Sources */,
				8122A917290EDE5E0027F36D /* MailIntegration.swift in Sources */,
			);
			runOnlyForDeploymentPostprocessing = 0;
		};
/* End PBXSourcesBuildPhase section */

/* Begin XCBuildConfiguration section */
		8178B4AA28FEF3890027AACF /* Debug */ = {
			isa = XCBuildConfiguration;
			buildSettings = {
				ALWAYS_SEARCH_USER_PATHS = NO;
				CLANG_ANALYZER_NONNULL = YES;
				CLANG_ANALYZER_NUMBER_OBJECT_CONVERSION = YES_AGGRESSIVE;
				CLANG_CXX_LANGUAGE_STANDARD = "gnu++20";
				CLANG_ENABLE_MODULES = YES;
				CLANG_ENABLE_OBJC_ARC = YES;
				CLANG_ENABLE_OBJC_WEAK = YES;
				CLANG_WARN_BLOCK_CAPTURE_AUTORELEASING = YES;
				CLANG_WARN_BOOL_CONVERSION = YES;
				CLANG_WARN_COMMA = YES;
				CLANG_WARN_CONSTANT_CONVERSION = YES;
				CLANG_WARN_DEPRECATED_OBJC_IMPLEMENTATIONS = YES;
				CLANG_WARN_DIRECT_OBJC_ISA_USAGE = YES_ERROR;
				CLANG_WARN_DOCUMENTATION_COMMENTS = YES;
				CLANG_WARN_EMPTY_BODY = YES;
				CLANG_WARN_ENUM_CONVERSION = YES;
				CLANG_WARN_INFINITE_RECURSION = YES;
				CLANG_WARN_INT_CONVERSION = YES;
				CLANG_WARN_NON_LITERAL_NULL_CONVERSION = YES;
				CLANG_WARN_OBJC_IMPLICIT_RETAIN_SELF = YES;
				CLANG_WARN_OBJC_LITERAL_CONVERSION = YES;
				CLANG_WARN_OBJC_ROOT_CLASS = YES_ERROR;
				CLANG_WARN_QUOTED_INCLUDE_IN_FRAMEWORK_HEADER = YES;
				CLANG_WARN_RANGE_LOOP_ANALYSIS = YES;
				CLANG_WARN_STRICT_PROTOTYPES = YES;
				CLANG_WARN_SUSPICIOUS_MOVE = YES;
				CLANG_WARN_UNGUARDED_AVAILABILITY = YES_AGGRESSIVE;
				CLANG_WARN_UNREACHABLE_CODE = YES;
				CLANG_WARN__DUPLICATE_METHOD_MATCH = YES;
				COPY_PHASE_STRIP = NO;
				DEBUG_INFORMATION_FORMAT = dwarf;
				ENABLE_STRICT_OBJC_MSGSEND = YES;
				ENABLE_TESTABILITY = YES;
				GCC_C_LANGUAGE_STANDARD = gnu11;
				GCC_DYNAMIC_NO_PIC = NO;
				GCC_NO_COMMON_BLOCKS = YES;
				GCC_OPTIMIZATION_LEVEL = 0;
				GCC_PREPROCESSOR_DEFINITIONS = (
					"DEBUG=1",
					"$(inherited)",
				);
				GCC_WARN_64_TO_32_BIT_CONVERSION = YES;
				GCC_WARN_ABOUT_RETURN_TYPE = YES_ERROR;
				GCC_WARN_UNDECLARED_SELECTOR = YES;
				GCC_WARN_UNINITIALIZED_AUTOS = YES_AGGRESSIVE;
				GCC_WARN_UNUSED_FUNCTION = YES;
				GCC_WARN_UNUSED_VARIABLE = YES;
				IPHONEOS_DEPLOYMENT_TARGET = 16.0;
				MTL_ENABLE_DEBUG_INFO = INCLUDE_SOURCE;
				MTL_FAST_MATH = YES;
				ONLY_ACTIVE_ARCH = YES;
				SDKROOT = iphoneos;
				SWIFT_ACTIVE_COMPILATION_CONDITIONS = DEBUG;
				SWIFT_OPTIMIZATION_LEVEL = "-Onone";
			};
			name = Debug;
		};
		8178B4AB28FEF3890027AACF /* Release */ = {
			isa = XCBuildConfiguration;
			buildSettings = {
				ALWAYS_SEARCH_USER_PATHS = NO;
				CLANG_ANALYZER_NONNULL = YES;
				CLANG_ANALYZER_NUMBER_OBJECT_CONVERSION = YES_AGGRESSIVE;
				CLANG_CXX_LANGUAGE_STANDARD = "gnu++20";
				CLANG_ENABLE_MODULES = YES;
				CLANG_ENABLE_OBJC_ARC = YES;
				CLANG_ENABLE_OBJC_WEAK = YES;
				CLANG_WARN_BLOCK_CAPTURE_AUTORELEASING = YES;
				CLANG_WARN_BOOL_CONVERSION = YES;
				CLANG_WARN_COMMA = YES;
				CLANG_WARN_CONSTANT_CONVERSION = YES;
				CLANG_WARN_DEPRECATED_OBJC_IMPLEMENTATIONS = YES;
				CLANG_WARN_DIRECT_OBJC_ISA_USAGE = YES_ERROR;
				CLANG_WARN_DOCUMENTATION_COMMENTS = YES;
				CLANG_WARN_EMPTY_BODY = YES;
				CLANG_WARN_ENUM_CONVERSION = YES;
				CLANG_WARN_INFINITE_RECURSION = YES;
				CLANG_WARN_INT_CONVERSION = YES;
				CLANG_WARN_NON_LITERAL_NULL_CONVERSION = YES;
				CLANG_WARN_OBJC_IMPLICIT_RETAIN_SELF = YES;
				CLANG_WARN_OBJC_LITERAL_CONVERSION = YES;
				CLANG_WARN_OBJC_ROOT_CLASS = YES_ERROR;
				CLANG_WARN_QUOTED_INCLUDE_IN_FRAMEWORK_HEADER = YES;
				CLANG_WARN_RANGE_LOOP_ANALYSIS = YES;
				CLANG_WARN_STRICT_PROTOTYPES = YES;
				CLANG_WARN_SUSPICIOUS_MOVE = YES;
				CLANG_WARN_UNGUARDED_AVAILABILITY = YES_AGGRESSIVE;
				CLANG_WARN_UNREACHABLE_CODE = YES;
				CLANG_WARN__DUPLICATE_METHOD_MATCH = YES;
				COPY_PHASE_STRIP = NO;
				DEBUG_INFORMATION_FORMAT = "dwarf-with-dsym";
				ENABLE_NS_ASSERTIONS = NO;
				ENABLE_STRICT_OBJC_MSGSEND = YES;
				GCC_C_LANGUAGE_STANDARD = gnu11;
				GCC_NO_COMMON_BLOCKS = YES;
				GCC_WARN_64_TO_32_BIT_CONVERSION = YES;
				GCC_WARN_ABOUT_RETURN_TYPE = YES_ERROR;
				GCC_WARN_UNDECLARED_SELECTOR = YES;
				GCC_WARN_UNINITIALIZED_AUTOS = YES_AGGRESSIVE;
				GCC_WARN_UNUSED_FUNCTION = YES;
				GCC_WARN_UNUSED_VARIABLE = YES;
				IPHONEOS_DEPLOYMENT_TARGET = 16.0;
				MTL_ENABLE_DEBUG_INFO = NO;
				MTL_FAST_MATH = YES;
				SDKROOT = iphoneos;
				SWIFT_COMPILATION_MODE = wholemodule;
				SWIFT_OPTIMIZATION_LEVEL = "-O";
				VALIDATE_PRODUCT = YES;
			};
			name = Release;
		};
		8178B4AD28FEF3890027AACF /* Debug */ = {
			isa = XCBuildConfiguration;
			buildSettings = {
				ASSETCATALOG_COMPILER_APPICON_NAME = AppIcon;
				ASSETCATALOG_COMPILER_GLOBAL_ACCENT_COLOR_NAME = AccentColor;
				CODE_SIGN_STYLE = Automatic;
				CURRENT_PROJECT_VERSION = 0;
				DEVELOPMENT_TEAM = Q7BD4XD9Q7;
				ENABLE_PREVIEWS = YES;
				GENERATE_INFOPLIST_FILE = YES;
				INFOPLIST_FILE = PGPro/Info.plist;
				INFOPLIST_KEY_CFBundleDisplayName = PGPro;
				INFOPLIST_KEY_LSApplicationCategoryType = "public.app-category.utilities";
				INFOPLIST_KEY_NSFaceIDUsageDescription = "$(PRODUCT_NAME) Biometric Authentication";
				INFOPLIST_KEY_UIApplicationSceneManifest_Generation = YES;
				INFOPLIST_KEY_UIApplicationSupportsIndirectInputEvents = YES;
				INFOPLIST_KEY_UILaunchScreen_Generation = YES;
				INFOPLIST_KEY_UISupportedInterfaceOrientations = "UIInterfaceOrientationPortrait UIInterfaceOrientationPortraitUpsideDown";
				INFOPLIST_KEY_UISupportedInterfaceOrientations_iPad = "UIInterfaceOrientationLandscapeLeft UIInterfaceOrientationLandscapeRight UIInterfaceOrientationPortrait UIInterfaceOrientationPortraitUpsideDown";
				LD_RUNPATH_SEARCH_PATHS = (
					"$(inherited)",
					"@executable_path/Frameworks",
				);
				MARKETING_VERSION = 2022.1;
				PRODUCT_BUNDLE_IDENTIFIER = app.pgpro.ng;
				PRODUCT_NAME = "$(TARGET_NAME)";
				SUPPORTED_PLATFORMS = "iphoneos iphonesimulator";
				SUPPORTS_MACCATALYST = NO;
				SUPPORTS_MAC_DESIGNED_FOR_IPHONE_IPAD = NO;
				SWIFT_EMIT_LOC_STRINGS = YES;
				SWIFT_VERSION = 5.0;
				TARGETED_DEVICE_FAMILY = "1,2";
			};
			name = Debug;
		};
		8178B4AE28FEF3890027AACF /* Release */ = {
			isa = XCBuildConfiguration;
			buildSettings = {
				ASSETCATALOG_COMPILER_APPICON_NAME = AppIcon;
				ASSETCATALOG_COMPILER_GLOBAL_ACCENT_COLOR_NAME = AccentColor;
				CODE_SIGN_STYLE = Automatic;
				CURRENT_PROJECT_VERSION = 0;
				DEVELOPMENT_TEAM = Q7BD4XD9Q7;
				ENABLE_PREVIEWS = YES;
				GENERATE_INFOPLIST_FILE = YES;
				INFOPLIST_FILE = PGPro/Info.plist;
				INFOPLIST_KEY_CFBundleDisplayName = PGPro;
				INFOPLIST_KEY_LSApplicationCategoryType = "public.app-category.utilities";
				INFOPLIST_KEY_NSFaceIDUsageDescription = "$(PRODUCT_NAME) Biometric Authentication";
				INFOPLIST_KEY_UIApplicationSceneManifest_Generation = YES;
				INFOPLIST_KEY_UIApplicationSupportsIndirectInputEvents = YES;
				INFOPLIST_KEY_UILaunchScreen_Generation = YES;
				INFOPLIST_KEY_UISupportedInterfaceOrientations = "UIInterfaceOrientationPortrait UIInterfaceOrientationPortraitUpsideDown";
				INFOPLIST_KEY_UISupportedInterfaceOrientations_iPad = "UIInterfaceOrientationLandscapeLeft UIInterfaceOrientationLandscapeRight UIInterfaceOrientationPortrait UIInterfaceOrientationPortraitUpsideDown";
				LD_RUNPATH_SEARCH_PATHS = (
					"$(inherited)",
					"@executable_path/Frameworks",
				);
				MARKETING_VERSION = 2022.1;
				PRODUCT_BUNDLE_IDENTIFIER = app.pgpro.ng;
				PRODUCT_NAME = "$(TARGET_NAME)";
				SUPPORTED_PLATFORMS = "iphoneos iphonesimulator";
				SUPPORTS_MACCATALYST = NO;
				SUPPORTS_MAC_DESIGNED_FOR_IPHONE_IPAD = NO;
				SWIFT_EMIT_LOC_STRINGS = YES;
				SWIFT_VERSION = 5.0;
				TARGETED_DEVICE_FAMILY = "1,2";
			};
			name = Release;
		};
/* End XCBuildConfiguration section */

/* Begin XCConfigurationList section */
		8178B49928FEF3880027AACF /* Build configuration list for PBXProject "PGPro" */ = {
			isa = XCConfigurationList;
			buildConfigurations = (
				8178B4AA28FEF3890027AACF /* Debug */,
				8178B4AB28FEF3890027AACF /* Release */,
			);
			defaultConfigurationIsVisible = 0;
			defaultConfigurationName = Release;
		};
		8178B4AC28FEF3890027AACF /* Build configuration list for PBXNativeTarget "PGPro" */ = {
			isa = XCConfigurationList;
			buildConfigurations = (
				8178B4AD28FEF3890027AACF /* Debug */,
				8178B4AE28FEF3890027AACF /* Release */,
			);
			defaultConfigurationIsVisible = 0;
			defaultConfigurationName = Release;
		};
/* End XCConfigurationList section */

/* Begin XCRemoteSwiftPackageReference section */
		8122A913290EDE4D0027F36D /* XCRemoteSwiftPackageReference "ThirdPartyMailer" */ = {
			isa = XCRemoteSwiftPackageReference;
			repositoryURL = "https://github.com/vtourraine/ThirdPartyMailer.git";
			requirement = {
				branch = main;
				kind = branch;
			};
		};
		8193DA7D2911903900F103D5 /* XCRemoteSwiftPackageReference "ObjectivePGP" */ = {
			isa = XCRemoteSwiftPackageReference;
			repositoryURL = "https://github.com/krzyzanowskim/ObjectivePGP";
			requirement = {
				branch = main;
				kind = branch;
			};
		};
		819CD9F3290E861D006B4804 /* XCRemoteSwiftPackageReference "SPAlert" */ = {
			isa = XCRemoteSwiftPackageReference;
			repositoryURL = "https://github.com/ivanvorobei/SPAlert";
			requirement = {
				branch = main;
				kind = branch;
			};
		};
/* End XCRemoteSwiftPackageReference section */

/* Begin XCSwiftPackageProductDependency section */
		8122A914290EDE4D0027F36D /* ThirdPartyMailer */ = {
			isa = XCSwiftPackageProductDependency;
			package = 8122A913290EDE4D0027F36D /* XCRemoteSwiftPackageReference "ThirdPartyMailer" */;
			productName = ThirdPartyMailer;
		};
		8193DA7E2911903900F103D5 /* ObjectivePGP */ = {
			isa = XCSwiftPackageProductDependency;
			package = 8193DA7D2911903900F103D5 /* XCRemoteSwiftPackageReference "ObjectivePGP" */;
			productName = ObjectivePGP;
		};
		819CD9F4290E861D006B4804 /* SPAlert */ = {
			isa = XCSwiftPackageProductDependency;
			package = 819CD9F3290E861D006B4804 /* XCRemoteSwiftPackageReference "SPAlert" */;
			productName = SPAlert;
		};
/* End XCSwiftPackageProductDependency section */

/* Begin XCVersionGroup section */
		8193DA6A29117F2F00F103D5 /* PGPro.xcdatamodeld */ = {
			isa = XCVersionGroup;
			children = (
				8193DA6B29117F2F00F103D5 /* PGPro.xcdatamodel */,
			);
			currentVersion = 8193DA6B29117F2F00F103D5 /* PGPro.xcdatamodel */;
			path = PGPro.xcdatamodeld;
			sourceTree = "<group>";
			versionGroupType = wrapper.xcdatamodel;
		};
/* End XCVersionGroup section */
	};
	rootObject = 8178B49628FEF3880027AACF /* Project object */;
}
