{
  "object": {
    "pins": [
      {
        "package": "ObjectivePGP",
        "repositoryURL": "https://github.com/krzyzanowskim/ObjectivePGP.git",
        "state": {
          "branch": null,
          "revision": "a1ed56c067245fe5b818cbb722d70f3dd74ba213",
          "version": "0.99.0"
        }
      },
      {
        "package": "SwiftTryCatch",
        "repositoryURL": "https://github.com/seanparsons/SwiftTryCatch.git",
        "state": {
          "branch": "master",
          "revision": "6a177252cfa2ef649b0aa7b2d16ab221386ca51c",
          "version": null
        }
      }
    ]
  },
  "version": 1
}
