{
  "pins" : [
    {
      "identity" : "objectivepgp",
      "kind" : "remoteSourceControl",
      "location" : "https://github.com/krzyzanowskim/ObjectivePGP",
      "state" : {
        "branch" : "main",
        "revision" : "4475c8707dbbe7deb34788ece859bd1d8944011d"
      }
    },
    {
      "identity" : "spalert",
      "kind" : "remoteSourceControl",
      "location" : "https://github.com/ivanvorobei/SPAlert",
      "state" : {
        "branch" : "main",
        "revision" : "979a716b640b9e277b28f15f99ed35733694c844"
      }
    },
    {
      "identity" : "thirdpartymailer",
      "kind" : "remoteSourceControl",
      "location" : "https://github.com/vtourraine/ThirdPartyMailer.git",
      "state" : {
        "branch" : "main",
        "revision" : "53e6b1ac9eb5147ca07d23a8f520dda439b775ea"
      }
    }
  ],
  "version" : 2
}
