{
  "pins" : [
    {
      "identity" : "mimeparser",
      "kind" : "remoteSourceControl",
      "location" : "https://github.com/miximka/MimeParser",
      "state" : {
        "branch" : "master",
        "revision" : "07eb0fc2f4386767ef8a8204963f8122a0889663"
      }
    },
    {
      "identity" : "objectivepgp",
      "kind" : "remoteSourceControl",
      "location" : "https://github.com/krzyzanowskim/ObjectivePGP.git",
      "state" : {
        "branch" : "main",
        "revision" : "0dc7ca7ffe193095dc37456b0c75be167a2026f4"
      }
    },
    {
      "identity" : "swifttrycatch",
      "kind" : "remoteSourceControl",
      "location" : "https://github.com/seanparsons/SwiftTryCatch.git",
      "state" : {
        "branch" : "master",
        "revision" : "6a177252cfa2ef649b0aa7b2d16ab221386ca51c"
      }
    }
  ],
  "version" : 2
}
